
Microsoft Visual Studio Solution File, Format Version 12.00
# Visual Studio 15
VisualStudioVersion = 15.0.27703.2026
MinimumVisualStudioVersion = 10.0.40219.1
Project("{FAE04EC0-301F-11D3-BF4B-00C04F79EFBC}") = "WebApiLibrary", "..\PracticeCSharp\WebApiPractice\WebApiLibrary.csproj", "{C9EC01C6-2B69-49DB-8EC0-28818CF78C03}"
EndProject
Project("{FAE04EC0-301F-11D3-BF4B-00C04F79EFBC}") = "BooksProject", "BooksProject\BooksProject.csproj", "{5C5A76B4-51E0-409D-9089-37534181FD23}"
EndProject
Project("{FAE04EC0-301F-11D3-BF4B-00C04F79EFBC}") = "TestWebApi", "TestWebApi\TestWebApi.csproj", "{F3454927-6384-414A-A2A3-6665B04C793A}"
EndProject
Global
	GlobalSection(SolutionConfigurationPlatforms) = preSolution
		Debug|Any CPU = Debug|Any CPU
		Release|Any CPU = Release|Any CPU
	EndGlobalSection
	GlobalSection(ProjectConfigurationPlatforms) = postSolution
		{C9EC01C6-2B69-49DB-8EC0-28818CF78C03}.Debug|Any CPU.ActiveCfg = Debug|Any CPU
		{C9EC01C6-2B69-49DB-8EC0-28818CF78C03}.Debug|Any CPU.Build.0 = Debug|Any CPU
		{C9EC01C6-2B69-49DB-8EC0-28818CF78C03}.Release|Any CPU.ActiveCfg = Release|Any CPU
		{C9EC01C6-2B69-49DB-8EC0-28818CF78C03}.Release|Any CPU.Build.0 = Release|Any CPU
		{5C5A76B4-51E0-409D-9089-37534181FD23}.Debug|Any CPU.ActiveCfg = Debug|Any CPU
		{5C5A76B4-51E0-409D-9089-37534181FD23}.Debug|Any CPU.Build.0 = Debug|Any CPU
		{5C5A76B4-51E0-409D-9089-37534181FD23}.Release|Any CPU.ActiveCfg = Release|Any CPU
		{5C5A76B4-51E0-409D-9089-37534181FD23}.Release|Any CPU.Build.0 = Release|Any CPU
		{F3454927-6384-414A-A2A3-6665B04C793A}.Debug|Any CPU.ActiveCfg = Debug|Any CPU
		{F3454927-6384-414A-A2A3-6665B04C793A}.Debug|Any CPU.Build.0 = Debug|Any CPU
		{F3454927-6384-414A-A2A3-6665B04C793A}.Release|Any CPU.ActiveCfg = Release|Any CPU
		{F3454927-6384-414A-A2A3-6665B04C793A}.Release|Any CPU.Build.0 = Release|Any CPU
	EndGlobalSection
	GlobalSection(SolutionProperties) = preSolution
		HideSolutionNode = FALSE
	EndGlobalSection
	GlobalSection(ExtensibilityGlobals) = postSolution
		SolutionGuid = {915382BB-D904-4022-AF72-D8932BB78C7D}
	EndGlobalSection
EndGlobal
